// !$*UTF8*$!
{
	archiveVersion = 1;
	classes = {
	};
	objectVersion = 46;
	objects = {

/* Begin PBXBuildFile section */
		333359571F4FC7B7009460FB /* AppDelegate.swift in Sources */ = {isa = PBXBuildFile; fileRef = 333359561F4FC7B7009460FB /* AppDelegate.swift */; };
		333359591F4FC7B7009460FB /* MasterViewController.swift in Sources */ = {isa = PBXBuildFile; fileRef = 333359581F4FC7B7009460FB /* MasterViewController.swift */; };
		3333595B1F4FC7B7009460FB /* DetailViewController.swift in Sources */ = {isa = PBXBuildFile; fileRef = 3333595A1F4FC7B7009460FB /* DetailViewController.swift */; };
		3333595E1F4FC7B7009460FB /* Main.storyboard in Resources */ = {isa = PBXBuildFile; fileRef = 3333595C1F4FC7B7009460FB /* Main.storyboard */; };
		333359601F4FC7B7009460FB /* Assets.xcassets in Resources */ = {isa = PBXBuildFile; fileRef = 3333595F1F4FC7B7009460FB /* Assets.xcassets */; };
		333359631F4FC7B7009460FB /* LaunchScreen.storyboard in Resources */ = {isa = PBXBuildFile; fileRef = 333359611F4FC7B7009460FB /* LaunchScreen.storyboard */; };
/* End PBXBuildFile section */

/* Begin PBXFileReference section */
		333359531F4FC7B7009460FB /* the internet is a series of tubes transporting cats.app */ = {isa = PBXFileReference; explicitFileType = wrapper.application; includeInIndex = 0; path = "the internet is a series of tubes transporting cats.app"; sourceTree = BUILT_PRODUCTS_DIR; };
		333359561F4FC7B7009460FB /* AppDelegate.swift */ = {isa = PBXFileReference; lastKnownFileType = sourcecode.swift; path = AppDelegate.swift; sourceTree = "<group>"; };
		333359581F4FC7B7009460FB /* MasterViewController.swift */ = {isa = PBXFileReference; lastKnownFileType = sourcecode.swift; path = MasterViewController.swift; sourceTree = "<group>"; };
		3333595A1F4FC7B7009460FB /* DetailViewController.swift */ = {isa = PBXFileReference; lastKnownFileType = sourcecode.swift; path = DetailViewController.swift; sourceTree = "<group>"; };
		3333595D1F4FC7B7009460FB /* Base */ = {isa = PBXFileReference; lastKnownFileType = file.storyboard; name = Base; path = Base.lproj/Main.storyboard; sourceTree = "<group>"; };
		3333595F1F4FC7B7009460FB /* Assets.xcassets */ = {isa = PBXFileReference; lastKnownFileType = folder.assetcatalog; path = Assets.xcassets; sourceTree = "<group>"; };
		333359621F4FC7B7009460FB /* Base */ = {isa = PBXFileReference; lastKnownFileType = file.storyboard; name = Base; path = Base.lproj/LaunchScreen.storyboard; sourceTree = "<group>"; };
		333359641F4FC7B7009460FB /* Info.plist */ = {isa = PBXFileReference; lastKnownFileType = text.plist.xml; path = Info.plist; sourceTree = "<group>"; };
/* End PBXFileReference section */

/* Begin PBXFrameworksBuildPhase section */
		333359501F4FC7B7009460FB /* Frameworks */ = {
			isa = PBXFrameworksBuildPhase;
			buildActionMask = 2147483647;
			files = (
			);
			runOnlyForDeploymentPostprocessing = 0;
		};
/* End PBXFrameworksBuildPhase section */

/* Begin PBXGroup section */
		3333594A1F4FC7B7009460FB = {
			isa = PBXGroup;
			children = (
				333359551F4FC7B7009460FB /* the internet is a series of tubes transporting cats */,
				333359541F4FC7B7009460FB /* Products */,
			);
			sourceTree = "<group>";
		};
		333359541F4FC7B7009460FB /* Products */ = {
			isa = PBXGroup;
			children = (
				333359531F4FC7B7009460FB /* the internet is a series of tubes transporting cats.app */,
			);
			name = Products;
			sourceTree = "<group>";
		};
		333359551F4FC7B7009460FB /* the internet is a series of tubes transporting cats */ = {
			isa = PBXGroup;
			children = (
				333359561F4FC7B7009460FB /* AppDelegate.swift */,
				333359581F4FC7B7009460FB /* MasterViewController.swift */,
				3333595A1F4FC7B7009460FB /* DetailViewController.swift */,
				3333595C1F4FC7B7009460FB /* Main.storyboard */,
				3333595F1F4FC7B7009460FB /* Assets.xcassets */,
				333359611F4FC7B7009460FB /* LaunchScreen.storyboard */,
				333359641F4FC7B7009460FB /* Info.plist */,
			);
			path = "the internet is a series of tubes transporting cats";
			sourceTree = "<group>";
		};
/* End PBXGroup section */

/* Begin PBXNativeTarget section */
		333359521F4FC7B7009460FB /* the internet is a series of tubes transporting cats */ = {
			isa = PBXNativeTarget;
			buildConfigurationList = 333359671F4FC7B7009460FB /* Build configuration list for PBXNativeTarget "the internet is a series of tubes transporting cats" */;
			buildPhases = (
				3333594F1F4FC7B7009460FB /* Sources */,
				333359501F4FC7B7009460FB /* Frameworks */,
				333359511F4FC7B7009460FB /* Resources */,
			);
			buildRules = (
			);
			dependencies = (
			);
			name = "the internet is a series of tubes transporting cats";
			productName = "the internet is a series of tubes transporting cats";
			productReference = 333359531F4FC7B7009460FB /* the internet is a series of tubes transporting cats.app */;
			productType = "com.apple.product-type.application";
		};
/* End PBXNativeTarget section */

/* Begin PBXProject section */
		3333594B1F4FC7B7009460FB /* Project object */ = {
			isa = PBXProject;
			attributes = {
				LastSwiftUpdateCheck = 0830;
				LastUpgradeCheck = 0830;
				ORGANIZATIONNAME = "myname(insert coolname here)";
				TargetAttributes = {
					333359521F4FC7B7009460FB = {
						CreatedOnToolsVersion = 8.3.3;
						DevelopmentTeam = 7Z6KEZT7P9;
						ProvisioningStyle = Automatic;
					};
				};
			};
			buildConfigurationList = 3333594E1F4FC7B7009460FB /* Build configuration list for PBXProject "the internet is a series of tubes transporting cats" */;
			compatibilityVersion = "Xcode 3.2";
			developmentRegion = English;
			hasScannedForEncodings = 0;
			knownRegions = (
				en,
				Base,
			);
			mainGroup = 3333594A1F4FC7B7009460FB;
			productRefGroup = 333359541F4FC7B7009460FB /* Products */;
			projectDirPath = "";
			projectRoot = "";
			targets = (
				333359521F4FC7B7009460FB /* the internet is a series of tubes transporting cats */,
			);
		};
/* End PBXProject section */

/* Begin PBXResourcesBuildPhase section */
		333359511F4FC7B7009460FB /* Resources */ = {
			isa = PBXResourcesBuildPhase;
			buildActionMask = 2147483647;
			files = (
				333359631F4FC7B7009460FB /* LaunchScreen.storyboard in Resources */,
				333359601F4FC7B7009460FB /* Assets.xcassets in Resources */,
				3333595E1F4FC7B7009460FB /* Main.storyboard in Resources */,
			);
			runOnlyForDeploymentPostprocessing = 0;
		};
/* End PBXResourcesBuildPhase section */

/* Begin PBXSourcesBuildPhase section */
		3333594F1F4FC7B7009460FB /* Sources */ = {
			isa = PBXSourcesBuildPhase;
			buildActionMask = 2147483647;
			files = (
				3333595B1F4FC7B7009460FB /* DetailViewController.swift in Sources */,
				333359591F4FC7B7009460FB /* MasterViewController.swift in Sources */,
				333359571F4FC7B7009460FB /* AppDelegate.swift in Sources */,
			);
			runOnlyForDeploymentPostprocessing = 0;
		};
/* End PBXSourcesBuildPhase section */

/* Begin PBXVariantGroup section */
		3333595C1F4FC7B7009460FB /* Main.storyboard */ = {
			isa = PBXVariantGroup;
			children = (
				3333595D1F4FC7B7009460FB /* Base */,
			);
			name = Main.storyboard;
			sourceTree = "<group>";
		};
		333359611F4FC7B7009460FB /* LaunchScreen.storyboard */ = {
			isa = PBXVariantGroup;
			children = (
				333359621F4FC7B7009460FB /* Base */,
			);
			name = LaunchScreen.storyboard;
			sourceTree = "<group>";
		};
/* End PBXVariantGroup section */

/* Begin XCBuildConfiguration section */
		333359651F4FC7B7009460FB /* Debug */ = {
			isa = XCBuildConfiguration;
			buildSettings = {
				ALWAYS_SEARCH_USER_PATHS = NO;
				CLANG_ANALYZER_NONNULL = YES;
				CLANG_ANALYZER_NUMBER_OBJECT_CONVERSION = YES_AGGRESSIVE;
				CLANG_CXX_LANGUAGE_STANDARD = "gnu++0x";
				CLANG_CXX_LIBRARY = "libc++";
				CLANG_ENABLE_MODULES = YES;
				CLANG_ENABLE_OBJC_ARC = YES;
				CLANG_WARN_BOOL_CONVERSION = YES;
				CLANG_WARN_CONSTANT_CONVERSION = YES;
				CLANG_WARN_DIRECT_OBJC_ISA_USAGE = YES_ERROR;
				CLANG_WARN_DOCUMENTATION_COMMENTS = YES;
				CLANG_WARN_EMPTY_BODY = YES;
				CLANG_WARN_ENUM_CONVERSION = YES;
				CLANG_WARN_INFINITE_RECURSION = YES;
				CLANG_WARN_INT_CONVERSION = YES;
				CLANG_WARN_OBJC_ROOT_CLASS = YES_ERROR;
				CLANG_WARN_SUSPICIOUS_MOVE = YES;
				CLANG_WARN_UNREACHABLE_CODE = YES;
				CLANG_WARN__DUPLICATE_METHOD_MATCH = YES;
				"CODE_SIGN_IDENTITY[sdk=iphoneos*]" = "iPhone Developer";
				COPY_PHASE_STRIP = NO;
				DEBUG_INFORMATION_FORMAT = dwarf;
				ENABLE_STRICT_OBJC_MSGSEND = YES;
				ENABLE_TESTABILITY = YES;
				GCC_C_LANGUAGE_STANDARD = gnu99;
				GCC_DYNAMIC_NO_PIC = NO;
				GCC_NO_COMMON_BLOCKS = YES;
				GCC_OPTIMIZATION_LEVEL = 0;
				GCC_PREPROCESSOR_DEFINITIONS = (
					"DEBUG=1",
					"$(inherited)",
				);
				GCC_WARN_64_TO_32_BIT_CONVERSION = YES;
				GCC_WARN_ABOUT_RETURN_TYPE = YES_ERROR;
				GCC_WARN_UNDECLARED_SELECTOR = YES;
				GCC_WARN_UNINITIALIZED_AUTOS = YES_AGGRESSIVE;
				GCC_WARN_UNUSED_FUNCTION = YES;
				GCC_WARN_UNUSED_VARIABLE = YES;
				IPHONEOS_DEPLOYMENT_TARGET = 10.3;
				MTL_ENABLE_DEBUG_INFO = YES;
				ONLY_ACTIVE_ARCH = YES;
				SDKROOT = iphoneos;
				SWIFT_ACTIVE_COMPILATION_CONDITIONS = DEBUG;
				SWIFT_OPTIMIZATION_LEVEL = "-Onone";
				TARGETED_DEVICE_FAMILY = "1,2";
			};
			name = Debug;
		};
		333359661F4FC7B7009460FB /* Release */ = {
			isa = XCBuildConfiguration;
			buildSettings = {
				ALWAYS_SEARCH_USER_PATHS = NO;
				CLANG_ANALYZER_NONNULL = YES;
				CLANG_ANALYZER_NUMBER_OBJECT_CONVERSION = YES_AGGRESSIVE;
				CLANG_CXX_LANGUAGE_STANDARD = "gnu++0x";
				CLANG_CXX_LIBRARY = "libc++";
				CLANG_ENABLE_MODULES = YES;
				CLANG_ENABLE_OBJC_ARC = YES;
				CLANG_WARN_BOOL_CONVERSION = YES;
				CLANG_WARN_CONSTANT_CONVERSION = YES;
				CLANG_WARN_DIRECT_OBJC_ISA_USAGE = YES_ERROR;
				CLANG_WARN_DOCUMENTATION_COMMENTS = YES;
				CLANG_WARN_EMPTY_BODY = YES;
				CLANG_WARN_ENUM_CONVERSION = YES;
				CLANG_WARN_INFINITE_RECURSION = YES;
				CLANG_WARN_INT_CONVERSION = YES;
				CLANG_WARN_OBJC_ROOT_CLASS = YES_ERROR;
				CLANG_WARN_SUSPICIOUS_MOVE = YES;
				CLANG_WARN_UNREACHABLE_CODE = YES;
				CLANG_WARN__DUPLICATE_METHOD_MATCH = YES;
				"CODE_SIGN_IDENTITY[sdk=iphoneos*]" = "iPhone Developer";
				COPY_PHASE_STRIP = NO;
				DEBUG_INFORMATION_FORMAT = "dwarf-with-dsym";
				ENABLE_NS_ASSERTIONS = NO;
				ENABLE_STRICT_OBJC_MSGSEND = YES;
				GCC_C_LANGUAGE_STANDARD = gnu99;
				GCC_NO_COMMON_BLOCKS = YES;
				GCC_WARN_64_TO_32_BIT_CONVERSION = YES;
				GCC_WARN_ABOUT_RETURN_TYPE = YES_ERROR;
				GCC_WARN_UNDECLARED_SELECTOR = YES;
				GCC_WARN_UNINITIALIZED_AUTOS = YES_AGGRESSIVE;
				GCC_WARN_UNUSED_FUNCTION = YES;
				GCC_WARN_UNUSED_VARIABLE = YES;
				IPHONEOS_DEPLOYMENT_TARGET = 10.3;
				MTL_ENABLE_DEBUG_INFO = NO;
				SDKROOT = iphoneos;
				SWIFT_OPTIMIZATION_LEVEL = "-Owholemodule";
				TARGETED_DEVICE_FAMILY = "1,2";
				VALIDATE_PRODUCT = YES;
			};
			name = Release;
		};
		333359681F4FC7B7009460FB /* Debug */ = {
			isa = XCBuildConfiguration;
			buildSettings = {
				ASSETCATALOG_COMPILER_APPICON_NAME = AppIcon;
				DEVELOPMENT_TEAM = 7Z6KEZT7P9;
				INFOPLIST_FILE = "the internet is a series of tubes transporting cats/Info.plist";
				LD_RUNPATH_SEARCH_PATHS = "$(inherited) @executable_path/Frameworks";
				PRODUCT_BUNDLE_IDENTIFIER = "mynamecom.idk.the-internet-is-a-series-of-tubes-transporting-cats";
				PRODUCT_NAME = "$(TARGET_NAME)";
				SWIFT_VERSION = 3.0;
			};
			name = Debug;
		};
		333359691F4FC7B7009460FB /* Release */ = {
			isa = XCBuildConfiguration;
			buildSettings = {
				ASSETCATALOG_COMPILER_APPICON_NAME = AppIcon;
				DEVELOPMENT_TEAM = 7Z6KEZT7P9;
				INFOPLIST_FILE = "the internet is a series of tubes transporting cats/Info.plist";
				LD_RUNPATH_SEARCH_PATHS = "$(inherited) @executable_path/Frameworks";
				PRODUCT_BUNDLE_IDENTIFIER = "mynamecom.idk.the-internet-is-a-series-of-tubes-transporting-cats";
				PRODUCT_NAME = "$(TARGET_NAME)";
				SWIFT_VERSION = 3.0;
			};
			name = Release;
		};
/* End XCBuildConfiguration section */

/* Begin XCConfigurationList section */
		3333594E1F4FC7B7009460FB /* Build configuration list for PBXProject "the internet is a series of tubes transporting cats" */ = {
			isa = XCConfigurationList;
			buildConfigurations = (
				333359651F4FC7B7009460FB /* Debug */,
				333359661F4FC7B7009460FB /* Release */,
			);
			defaultConfigurationIsVisible = 0;
			defaultConfigurationName = Release;
		};
		333359671F4FC7B7009460FB /* Build configuration list for PBXNativeTarget "the internet is a series of tubes transporting cats" */ = {
			isa = XCConfigurationList;
			buildConfigurations = (
				333359681F4FC7B7009460FB /* Debug */,
				333359691F4FC7B7009460FB /* Release */,
			);
			defaultConfigurationIsVisible = 0;
		};
/* End XCConfigurationList section */
	};
	rootObject = 3333594B1F4FC7B7009460FB /* Project object */;
}
